
Microsoft Visual Studio Solution File, Format Version 12.00
# Visual Studio Version 17
VisualStudioVersion = 17.3.32901.215
MinimumVisualStudioVersion = 10.0.40219.1
Project("{FAE04EC0-301F-11D3-BF4B-00C04F79EFBC}") = "StudApp.Android", "StudApp\StudApp.Android\StudApp.Android.csproj", "{DAD8590D-8C01-4760-8A15-C1BD6EB1D1A5}"
EndProject
Project("{FAE04EC0-301F-11D3-BF4B-00C04F79EFBC}") = "StudApp.iOS", "StudApp\StudApp.iOS\StudApp.iOS.csproj", "{45D164DA-C44B-4AFD-9827-1AC4C7D86701}"
EndProject
Project("{FAE04EC0-301F-11D3-BF4B-00C04F79EFBC}") = "StudApp", "StudApp\StudApp\StudApp.csproj", "{2F7B1913-8112-49FE-9F1B-DDE8BEBAE051}"
EndProject
Global
	GlobalSection(SolutionConfigurationPlatforms) = preSolution
		Debug|Any CPU = Debug|Any CPU
		Debug|iPhone = Debug|iPhone
		Debug|iPhoneSimulator = Debug|iPhoneSimulator
		Release|Any CPU = Release|Any CPU
		Release|iPhone = Release|iPhone
		Release|iPhoneSimulator = Release|iPhoneSimulator
	EndGlobalSection
	GlobalSection(ProjectConfigurationPlatforms) = postSolution
		{DAD8590D-8C01-4760-8A15-C1BD6EB1D1A5}.Debug|Any CPU.ActiveCfg = Debug|Any CPU
		{DAD8590D-8C01-4760-8A15-C1BD6EB1D1A5}.Debug|Any CPU.Build.0 = Debug|Any CPU
		{DAD8590D-8C01-4760-8A15-C1BD6EB1D1A5}.Debug|Any CPU.Deploy.0 = Debug|Any CPU
		{DAD8590D-8C01-4760-8A15-C1BD6EB1D1A5}.Debug|iPhone.ActiveCfg = Debug|Any CPU
		{DAD8590D-8C01-4760-8A15-C1BD6EB1D1A5}.Debug|iPhone.Build.0 = Debug|Any CPU
		{DAD8590D-8C01-4760-8A15-C1BD6EB1D1A5}.Debug|iPhone.Deploy.0 = Debug|Any CPU
		{DAD8590D-8C01-4760-8A15-C1BD6EB1D1A5}.Debug|iPhoneSimulator.ActiveCfg = Debug|Any CPU
		{DAD8590D-8C01-4760-8A15-C1BD6EB1D1A5}.Debug|iPhoneSimulator.Build.0 = Debug|Any CPU
		{DAD8590D-8C01-4760-8A15-C1BD6EB1D1A5}.Debug|iPhoneSimulator.Deploy.0 = Debug|Any CPU
		{DAD8590D-8C01-4760-8A15-C1BD6EB1D1A5}.Release|Any CPU.ActiveCfg = Release|Any CPU
		{DAD8590D-8C01-4760-8A15-C1BD6EB1D1A5}.Release|Any CPU.Build.0 = Release|Any CPU
		{DAD8590D-8C01-4760-8A15-C1BD6EB1D1A5}.Release|Any CPU.Deploy.0 = Release|Any CPU
		{DAD8590D-8C01-4760-8A15-C1BD6EB1D1A5}.Release|iPhone.ActiveCfg = Release|Any CPU
		{DAD8590D-8C01-4760-8A15-C1BD6EB1D1A5}.Release|iPhone.Build.0 = Release|Any CPU
		{DAD8590D-8C01-4760-8A15-C1BD6EB1D1A5}.Release|iPhone.Deploy.0 = Release|Any CPU
		{DAD8590D-8C01-4760-8A15-C1BD6EB1D1A5}.Release|iPhoneSimulator.ActiveCfg = Release|Any CPU
		{DAD8590D-8C01-4760-8A15-C1BD6EB1D1A5}.Release|iPhoneSimulator.Build.0 = Release|Any CPU
		{DAD8590D-8C01-4760-8A15-C1BD6EB1D1A5}.Release|iPhoneSimulator.Deploy.0 = Release|Any CPU
		{45D164DA-C44B-4AFD-9827-1AC4C7D86701}.Debug|Any CPU.ActiveCfg = Debug|iPhone
		{45D164DA-C44B-4AFD-9827-1AC4C7D86701}.Debug|Any CPU.Build.0 = Debug|iPhone
		{45D164DA-C44B-4AFD-9827-1AC4C7D86701}.Debug|Any CPU.Deploy.0 = Debug|iPhone
		{45D164DA-C44B-4AFD-9827-1AC4C7D86701}.Debug|iPhone.ActiveCfg = Debug|iPhone
		{45D164DA-C44B-4AFD-9827-1AC4C7D86701}.Debug|iPhone.Build.0 = Debug|iPhone
		{45D164DA-C44B-4AFD-9827-1AC4C7D86701}.Debug|iPhone.Deploy.0 = Debug|iPhone
		{45D164DA-C44B-4AFD-9827-1AC4C7D86701}.Debug|iPhoneSimulator.ActiveCfg = Debug|iPhoneSimulator
		{45D164DA-C44B-4AFD-9827-1AC4C7D86701}.Debug|iPhoneSimulator.Build.0 = Debug|iPhoneSimulator
		{45D164DA-C44B-4AFD-9827-1AC4C7D86701}.Debug|iPhoneSimulator.Deploy.0 = Debug|iPhoneSimulator
		{45D164DA-C44B-4AFD-9827-1AC4C7D86701}.Release|Any CPU.ActiveCfg = Release|iPhoneSimulator
		{45D164DA-C44B-4AFD-9827-1AC4C7D86701}.Release|Any CPU.Build.0 = Release|iPhoneSimulator
		{45D164DA-C44B-4AFD-9827-1AC4C7D86701}.Release|Any CPU.Deploy.0 = Release|iPhoneSimulator
		{45D164DA-C44B-4AFD-9827-1AC4C7D86701}.Release|iPhone.ActiveCfg = Release|iPhone
		{45D164DA-C44B-4AFD-9827-1AC4C7D86701}.Release|iPhone.Build.0 = Release|iPhone
		{45D164DA-C44B-4AFD-9827-1AC4C7D86701}.Release|iPhone.Deploy.0 = Release|iPhone
		{45D164DA-C44B-4AFD-9827-1AC4C7D86701}.Release|iPhoneSimulator.ActiveCfg = Release|iPhoneSimulator
		{45D164DA-C44B-4AFD-9827-1AC4C7D86701}.Release|iPhoneSimulator.Build.0 = Release|iPhoneSimulator
		{45D164DA-C44B-4AFD-9827-1AC4C7D86701}.Release|iPhoneSimulator.Deploy.0 = Release|iPhoneSimulator
		{2F7B1913-8112-49FE-9F1B-DDE8BEBAE051}.Debug|Any CPU.ActiveCfg = Debug|Any CPU
		{2F7B1913-8112-49FE-9F1B-DDE8BEBAE051}.Debug|Any CPU.Build.0 = Debug|Any CPU
		{2F7B1913-8112-49FE-9F1B-DDE8BEBAE051}.Debug|Any CPU.Deploy.0 = Debug|Any CPU
		{2F7B1913-8112-49FE-9F1B-DDE8BEBAE051}.Debug|iPhone.ActiveCfg = Debug|Any CPU
		{2F7B1913-8112-49FE-9F1B-DDE8BEBAE051}.Debug|iPhone.Build.0 = Debug|Any CPU
		{2F7B1913-8112-49FE-9F1B-DDE8BEBAE051}.Debug|iPhone.Deploy.0 = Debug|Any CPU
		{2F7B1913-8112-49FE-9F1B-DDE8BEBAE051}.Debug|iPhoneSimulator.ActiveCfg = Debug|Any CPU
		{2F7B1913-8112-49FE-9F1B-DDE8BEBAE051}.Debug|iPhoneSimulator.Build.0 = Debug|Any CPU
		{2F7B1913-8112-49FE-9F1B-DDE8BEBAE051}.Debug|iPhoneSimulator.Deploy.0 = Debug|Any CPU
		{2F7B1913-8112-49FE-9F1B-DDE8BEBAE051}.Release|Any CPU.ActiveCfg = Release|Any CPU
		{2F7B1913-8112-49FE-9F1B-DDE8BEBAE051}.Release|Any CPU.Build.0 = Release|Any CPU
		{2F7B1913-8112-49FE-9F1B-DDE8BEBAE051}.Release|Any CPU.Deploy.0 = Release|Any CPU
		{2F7B1913-8112-49FE-9F1B-DDE8BEBAE051}.Release|iPhone.ActiveCfg = Release|Any CPU
		{2F7B1913-8112-49FE-9F1B-DDE8BEBAE051}.Release|iPhone.Build.0 = Release|Any CPU
		{2F7B1913-8112-49FE-9F1B-DDE8BEBAE051}.Release|iPhone.Deploy.0 = Release|Any CPU
		{2F7B1913-8112-49FE-9F1B-DDE8BEBAE051}.Release|iPhoneSimulator.ActiveCfg = Release|Any CPU
		{2F7B1913-8112-49FE-9F1B-DDE8BEBAE051}.Release|iPhoneSimulator.Build.0 = Release|Any CPU
		{2F7B1913-8112-49FE-9F1B-DDE8BEBAE051}.Release|iPhoneSimulator.Deploy.0 = Release|Any CPU
	EndGlobalSection
	GlobalSection(SolutionProperties) = preSolution
		HideSolutionNode = FALSE
	EndGlobalSection
	GlobalSection(ExtensibilityGlobals) = postSolution
		SolutionGuid = {2464D6EC-7DE4-423A-AF61-73262330E19A}
	EndGlobalSection
EndGlobal
